
Microsoft Visual Studio Solution File, Format Version 12.00
# Visual Studio Version 17
VisualStudioVersion = 17.5.33424.131
MinimumVisualStudioVersion = 10.0.40219.1
Project("{FAE04EC0-301F-11D3-BF4B-00C04F79EFBC}") = "Practica04.UI", "Practica04.UI\Practica04.UI.csproj", "{03595033-6D1E-46F3-B48F-3EAF63ECD99E}"
EndProject
Project("{FAE04EC0-301F-11D3-BF4B-00C04F79EFBC}") = "Practica04.Data", "Practica04.Data\Practica04.Data.csproj", "{A5043CFE-8AB6-4BC8-9957-B44360BC95FC}"
EndProject
Project("{FAE04EC0-301F-11D3-BF4B-00C04F79EFBC}") = "Practica04.Entities", "Practica04.Entities\Practica04.Entities.csproj", "{20588E36-387E-4947-A232-2FADBBBAC106}"
EndProject
Project("{FAE04EC0-301F-11D3-BF4B-00C04F79EFBC}") = "Practica04.Utils", "Practica04.Utils\Practica04.Utils.csproj", "{257E4755-71B6-4E69-818E-CFBBA26C4495}"
EndProject
Project("{FAE04EC0-301F-11D3-BF4B-00C04F79EFBC}") = "Practica04.Logic", "Practica04.Logic\Practica04.Logic.csproj", "{7A7F87ED-EE48-4587-94E3-B98A17F21948}"
EndProject
Global
	GlobalSection(SolutionConfigurationPlatforms) = preSolution
		Debug|Any CPU = Debug|Any CPU
		Release|Any CPU = Release|Any CPU
	EndGlobalSection
	GlobalSection(ProjectConfigurationPlatforms) = postSolution
		{03595033-6D1E-46F3-B48F-3EAF63ECD99E}.Debug|Any CPU.ActiveCfg = Debug|Any CPU
		{03595033-6D1E-46F3-B48F-3EAF63ECD99E}.Debug|Any CPU.Build.0 = Debug|Any CPU
		{03595033-6D1E-46F3-B48F-3EAF63ECD99E}.Release|Any CPU.ActiveCfg = Release|Any CPU
		{03595033-6D1E-46F3-B48F-3EAF63ECD99E}.Release|Any CPU.Build.0 = Release|Any CPU
		{A5043CFE-8AB6-4BC8-9957-B44360BC95FC}.Debug|Any CPU.ActiveCfg = Debug|Any CPU
		{A5043CFE-8AB6-4BC8-9957-B44360BC95FC}.Debug|Any CPU.Build.0 = Debug|Any CPU
		{A5043CFE-8AB6-4BC8-9957-B44360BC95FC}.Release|Any CPU.ActiveCfg = Release|Any CPU
		{A5043CFE-8AB6-4BC8-9957-B44360BC95FC}.Release|Any CPU.Build.0 = Release|Any CPU
		{20588E36-387E-4947-A232-2FADBBBAC106}.Debug|Any CPU.ActiveCfg = Debug|Any CPU
		{20588E36-387E-4947-A232-2FADBBBAC106}.Debug|Any CPU.Build.0 = Debug|Any CPU
		{20588E36-387E-4947-A232-2FADBBBAC106}.Release|Any CPU.ActiveCfg = Release|Any CPU
		{20588E36-387E-4947-A232-2FADBBBAC106}.Release|Any CPU.Build.0 = Release|Any CPU
		{257E4755-71B6-4E69-818E-CFBBA26C4495}.Debug|Any CPU.ActiveCfg = Debug|Any CPU
		{257E4755-71B6-4E69-818E-CFBBA26C4495}.Debug|Any CPU.Build.0 = Debug|Any CPU
		{257E4755-71B6-4E69-818E-CFBBA26C4495}.Release|Any CPU.ActiveCfg = Release|Any CPU
		{257E4755-71B6-4E69-818E-CFBBA26C4495}.Release|Any CPU.Build.0 = Release|Any CPU
		{7A7F87ED-EE48-4587-94E3-B98A17F21948}.Debug|Any CPU.ActiveCfg = Debug|Any CPU
		{7A7F87ED-EE48-4587-94E3-B98A17F21948}.Debug|Any CPU.Build.0 = Debug|Any CPU
		{7A7F87ED-EE48-4587-94E3-B98A17F21948}.Release|Any CPU.ActiveCfg = Release|Any CPU
		{7A7F87ED-EE48-4587-94E3-B98A17F21948}.Release|Any CPU.Build.0 = Release|Any CPU
	EndGlobalSection
	GlobalSection(SolutionProperties) = preSolution
		HideSolutionNode = FALSE
	EndGlobalSection
	GlobalSection(ExtensibilityGlobals) = postSolution
		SolutionGuid = {B0B6D598-E669-4DD5-B4AF-9779C77BC692}
	EndGlobalSection
EndGlobal
